
Microsoft Visual Studio Solution File, Format Version 12.00
# Visual Studio Version 17
VisualStudioVersion = 17.13.35825.156 d17.13
MinimumVisualStudioVersion = 10.0.40219.1
Project("{FAE04EC0-301F-11D3-BF4B-00C04F79EFBC}") = "Model", "Model\Model.csproj", "{D6FEB87F-8AF3-4505-A826-FA66C5CA7C98}"
EndProject
Global
	GlobalSection(SolutionConfigurationPlatforms) = preSolution
		Debug|Any CPU = Debug|Any CPU
		Release|Any CPU = Release|Any CPU
	EndGlobalSection
	GlobalSection(ProjectConfigurationPlatforms) = postSolution
		{D6FEB87F-8AF3-4505-A826-FA66C5CA7C98}.Debug|Any CPU.ActiveCfg = Debug|Any CPU
		{D6FEB87F-8AF3-4505-A826-FA66C5CA7C98}.Debug|Any CPU.Build.0 = Debug|Any CPU
		{D6FEB87F-8AF3-4505-A826-FA66C5CA7C98}.Release|Any CPU.ActiveCfg = Release|Any CPU
		{D6FEB87F-8AF3-4505-A826-FA66C5CA7C98}.Release|Any CPU.Build.0 = Release|Any CPU
	EndGlobalSection
	GlobalSection(SolutionProperties) = preSolution
		HideSolutionNode = FALSE
	EndGlobalSection
	GlobalSection(ExtensibilityGlobals) = postSolution
		SolutionGuid = {38A24B0D-DD5D-445A-B1AD-B50507268B11}
	EndGlobalSection
EndGlobal
